// !$*UTF8*$!
{
	archiveVersion = 1;
	classes = {
	};
	objectVersion = 56;
	objects = {

/* Begin PBXBuildFile section */
		07EB3EBF5B17A79F7E31BF2A /* PrivacyInfo.xcprivacy in Resources */ = {isa = PBXBuildFile; fileRef = 2995497FBC63264E7C61B613 /* PrivacyInfo.xcprivacy */; };
		13B07FBF1A68108700A75B9A /* Images.xcassets in Resources */ = {isa = PBXBuildFile; fileRef = 13B07FB51A68108700A75B9A /* Images.xcassets */; };
		3E461D99554A48A4959DE609 /* OunjeLaunch.storyboard in Resources */ = {isa = PBXBuildFile; fileRef = AA286B85B6C04FC6940260E9 /* OunjeLaunch.storyboard */; };
		5B7A9E2C64E34F8BAA120001 /* welcome-vid-bg.mp4 in Resources */ = {isa = PBXBuildFile; fileRef = 5B7A9E2C64E34F8BAA120002 /* welcome-vid-bg.mp4 */; };
		A10000000000000000000001 /* ounje/ShareExtensionShared/SharedRecipeImportCore.swift in Sources */ = {isa = PBXBuildFile; fileRef = A20000000000000000000001 /* ounje/ShareExtensionShared/SharedRecipeImportCore.swift */; };
		A10000000000000000000002 /* ounje/ShareExtensionShared/SharedRecipeImportCore.swift in Sources */ = {isa = PBXBuildFile; fileRef = A20000000000000000000001 /* ounje/ShareExtensionShared/SharedRecipeImportCore.swift */; };
		A10000000000000000000003 /* OunjeShareViewController.swift in Sources */ = {isa = PBXBuildFile; fileRef = A20000000000000000000004 /* OunjeShareViewController.swift */; };
		A10000000000000000000004 /* OunjeShareExtension.appex in Embed App Extensions */ = {isa = PBXBuildFile; fileRef = A20000000000000000000002 /* OunjeShareExtension.appex */; settings = {ATTRIBUTES = (RemoveHeadersOnCopy, ); }; };
		A10000000000000000000005 /* ounje/ShareExtensionShared/SharedImportModels.swift in Sources */ = {isa = PBXBuildFile; fileRef = A20000000000000000000006 /* ounje/ShareExtensionShared/SharedImportModels.swift */; };
		A10000000000000000000006 /* ounje/ShareExtensionShared/SharedImportModels.swift in Sources */ = {isa = PBXBuildFile; fileRef = A20000000000000000000006 /* ounje/ShareExtensionShared/SharedImportModels.swift */; };
		C1D2E3F40100000100000002 /* ounje/App/AppEnvironment.swift in Sources */ = {isa = PBXBuildFile; fileRef = F1A2B3C40100000100000002 /* ounje/App/AppEnvironment.swift */; };
		C1D2E3F40100000100000003 /* ounje/Features/Prep/PrepGenerationService.swift in Sources */ = {isa = PBXBuildFile; fileRef = F1A2B3C40100000100000003 /* ounje/Features/Prep/PrepGenerationService.swift */; };
		C1D2E3F40100000100000004 /* ounje/Core/Models/UserProfile.swift in Sources */ = {isa = PBXBuildFile; fileRef = F1A2B3C40100000100000004 /* ounje/Core/Models/UserProfile.swift */; };
		C1D2E3F40100000100000005 /* ounje/Core/Models/RecipeCatalog.swift in Sources */ = {isa = PBXBuildFile; fileRef = F1A2B3C40100000100000005 /* ounje/Core/Models/RecipeCatalog.swift */; };
		C1D2E3F40100000100000006 /* ounje/Features/Cart/GroceryService.swift in Sources */ = {isa = PBXBuildFile; fileRef = F1A2B3C40100000100000006 /* ounje/Features/Cart/GroceryService.swift */; };
		C1D2E3F40100000100000009 /* ounje/Features/Cart/MainShopSnapshotBuilder.swift in Sources */ = {isa = PBXBuildFile; fileRef = F1A2B3C40100000100000009 /* ounje/Features/Cart/MainShopSnapshotBuilder.swift */; };
		C1D2E3F4010000010000000A /* ounje/Core/Models/RecipeModels.swift in Sources */ = {isa = PBXBuildFile; fileRef = F1A2B3C4010000010000000A /* ounje/Core/Models/RecipeModels.swift */; };
		C1D2E3F4010000010000000B /* ounje/Core/Models/GroceryModels.swift in Sources */ = {isa = PBXBuildFile; fileRef = F1A2B3C4010000010000000B /* ounje/Core/Models/GroceryModels.swift */; };
		DAA00000000000000000001 /* ounje/App/OunjeDevelopmentServer.swift in Sources */ = {isa = PBXBuildFile; fileRef = DAB00000000000000000001 /* ounje/App/OunjeDevelopmentServer.swift */; };
		DAA00000000000000000002 /* ounje/Core/DesignSystem/OunjePalette.swift in Sources */ = {isa = PBXBuildFile; fileRef = DAB00000000000000000002 /* ounje/Core/DesignSystem/OunjePalette.swift */; };
		DAA00000000000000000003 /* ounje/Core/DesignSystem/Components/RecipeCardComponents.swift in Sources */ = {isa = PBXBuildFile; fileRef = DAB00000000000000000003 /* ounje/Core/DesignSystem/Components/RecipeCardComponents.swift */; };
		DAA00000000000000000004 /* ounje/Features/Discover/DiscoverModels.swift in Sources */ = {isa = PBXBuildFile; fileRef = DAB00000000000000000004 /* ounje/Features/Discover/DiscoverModels.swift */; };
		DAA00000000000000000005 /* ounje/Features/Discover/DiscoverRecipesViewModel.swift in Sources */ = {isa = PBXBuildFile; fileRef = DAB00000000000000000005 /* ounje/Features/Discover/DiscoverRecipesViewModel.swift */; };
		DAA00000000000000000006 /* ounje/Features/Discover/Views/DiscoverTabView.swift in Sources */ = {isa = PBXBuildFile; fileRef = DAB00000000000000000006 /* ounje/Features/Discover/Views/DiscoverTabView.swift */; };
		DAA00000000000000000007 /* ounje/Core/DesignSystem/OunjeLayout.swift in Sources */ = {isa = PBXBuildFile; fileRef = DAB00000000000000000007 /* ounje/Core/DesignSystem/OunjeLayout.swift */; };
		DAA00000000000000000008 /* ounje/Core/DesignSystem/OunjeMotion.swift in Sources */ = {isa = PBXBuildFile; fileRef = DAB00000000000000000008 /* ounje/Core/DesignSystem/OunjeMotion.swift */; };
		DAA00000000000000000009 /* ounje/Core/DesignSystem/Typography.swift in Sources */ = {isa = PBXBuildFile; fileRef = DAB00000000000000000009 /* ounje/Core/DesignSystem/Typography.swift */; };
		DAA00000000000000000010 /* ounje/Features/Discover/DiscoverRecipeService.swift in Sources */ = {isa = PBXBuildFile; fileRef = DAB00000000000000000010 /* ounje/Features/Discover/DiscoverRecipeService.swift */; };
		DAA00000000000000000011 /* ounje/Features/Discover/DiscoverEnvironmentService.swift in Sources */ = {isa = PBXBuildFile; fileRef = DAB00000000000000000011 /* ounje/Features/Discover/DiscoverEnvironmentService.swift */; };
		DAA00000000000000000012 /* ounje/App/OunjeApp.swift in Sources */ = {isa = PBXBuildFile; fileRef = DAB00000000000000000012 /* ounje/App/OunjeApp.swift */; };
		DAA00000000000000000013 /* ounje/App/AppRootView.swift in Sources */ = {isa = PBXBuildFile; fileRef = DAB00000000000000000013 /* ounje/App/AppRootView.swift */; };
		DAA00000000000000000014 /* ounje/App/AppTab.swift in Sources */ = {isa = PBXBuildFile; fileRef = DAB00000000000000000014 /* ounje/App/AppTab.swift */; };
		DAA00000000000000000015 /* ounje/Core/Networking/SupabaseConfig.swift in Sources */ = {isa = PBXBuildFile; fileRef = DAB00000000000000000015 /* ounje/Core/Networking/SupabaseConfig.swift */; };
		DAA00000000000000000016 /* ounje/Core/Services/ToastCenter.swift in Sources */ = {isa = PBXBuildFile; fileRef = DAB00000000000000000016 /* ounje/Core/Services/ToastCenter.swift */; };
		DAA00000000000000000017 /* ounje/Core/Networking/BackendEndpoint.swift in Sources */ = {isa = PBXBuildFile; fileRef = DAB00000000000000000017 /* ounje/Core/Networking/BackendEndpoint.swift */; };
		DAA00000000000000000018 /* ounje/Core/Networking/APIClient.swift in Sources */ = {isa = PBXBuildFile; fileRef = DAB00000000000000000018 /* ounje/Core/Networking/APIClient.swift */; };
		DAA00000000000000000019 /* ounje/Core/Services/ImagePrefetcher.swift in Sources */ = {isa = PBXBuildFile; fileRef = DAB00000000000000000019 /* ounje/Core/Services/ImagePrefetcher.swift */; };
		DAA00000000000000000020 /* ounje/Features/Cookbook/SavedRecipesStore.swift in Sources */ = {isa = PBXBuildFile; fileRef = DAB00000000000000000020 /* ounje/Features/Cookbook/SavedRecipesStore.swift */; };
		DAA00000000000000000021 /* ounje/Features/Settings/FeedbackService.swift in Sources */ = {isa = PBXBuildFile; fileRef = DAB00000000000000000021 /* ounje/Features/Settings/FeedbackService.swift */; };
		DAA00000000000000000022 /* ounje/Features/Settings/FeedbackAttachmentStorageService.swift in Sources */ = {isa = PBXBuildFile; fileRef = DAB00000000000000000022 /* ounje/Features/Settings/FeedbackAttachmentStorageService.swift */; };
		DAA00000000000000000023 /* ounje/App/OunjeAppDelegate.swift in Sources */ = {isa = PBXBuildFile; fileRef = DAB00000000000000000023 /* ounje/App/OunjeAppDelegate.swift */; };
		DAA00000000000000000024 /* ounje/Core/Services/OunjePushTokenRegistrar.swift in Sources */ = {isa = PBXBuildFile; fileRef = DAB00000000000000000024 /* ounje/Core/Services/OunjePushTokenRegistrar.swift */; };
		DAA00000000000000000025 /* ounje/App/UserRuntimeStore.swift in Sources */ = {isa = PBXBuildFile; fileRef = DAB00000000000000000025 /* ounje/App/UserRuntimeStore.swift */; };
		DAD00000000000000000001 /* ounje/Core/Services/AppRealtimeInvalidationCoordinator.swift in Sources */ = {isa = PBXBuildFile; fileRef = DAE00000000000000000001 /* ounje/Core/Services/AppRealtimeInvalidationCoordinator.swift */; };
		DAD00000000000000000002 /* ounje/Core/Services/AppNotificationServices.swift in Sources */ = {isa = PBXBuildFile; fileRef = DAE00000000000000000002 /* ounje/Core/Services/AppNotificationServices.swift */; };
		DAD00000000000000000003 /* ounje/Core/Services/MembershipServices.swift in Sources */ = {isa = PBXBuildFile; fileRef = DAE00000000000000000003 /* ounje/Core/Services/MembershipServices.swift */; };
		DAD00000000000000000004 /* ounje/Core/Supabase/SupabaseServices.swift in Sources */ = {isa = PBXBuildFile; fileRef = DAE00000000000000000004 /* ounje/Core/Supabase/SupabaseServices.swift */; };
		DAD00000000000000000005 /* ounje/Features/RecipeDetail/RecipeDetailServices.swift in Sources */ = {isa = PBXBuildFile; fileRef = DAE00000000000000000005 /* ounje/Features/RecipeDetail/RecipeDetailServices.swift */; };
		DAD00000000000000000006 /* ounje/Features/Cookbook/RecipeImportAPIService.swift in Sources */ = {isa = PBXBuildFile; fileRef = DAE00000000000000000006 /* ounje/Features/Cookbook/RecipeImportAPIService.swift */; };
		DAD00000000000000000007 /* ounje/Features/Cart/InstacartAutomationServices.swift in Sources */ = {isa = PBXBuildFile; fileRef = DAE00000000000000000007 /* ounje/Features/Cart/InstacartAutomationServices.swift */; };
		DAD00000000000000000008 /* ounje/Features/Onboarding/Views/OnboardingViews.swift in Sources */ = {isa = PBXBuildFile; fileRef = DAE00000000000000000008 /* ounje/Features/Onboarding/Views/OnboardingViews.swift */; };
		DAD00000000000000000009 /* ounje/Features/Profile/Views/ProfileViews.swift in Sources */ = {isa = PBXBuildFile; fileRef = DAE00000000000000000009 /* ounje/Features/Profile/Views/ProfileViews.swift */; };
		DAD0000000000000000000A /* ounje/Features/Cart/Views/CartViews.swift in Sources */ = {isa = PBXBuildFile; fileRef = DAE0000000000000000000A /* ounje/Features/Cart/Views/CartViews.swift */; };
		DAD0000000000000000000B /* ounje/Features/Prep/Views/PrepViews.swift in Sources */ = {isa = PBXBuildFile; fileRef = DAE0000000000000000000B /* ounje/Features/Prep/Views/PrepViews.swift */; };
		DAD0000000000000000000C /* ounje/Features/RecipeDetail/Views/RecipeDetailViews.swift in Sources */ = {isa = PBXBuildFile; fileRef = DAE0000000000000000000C /* ounje/Features/RecipeDetail/Views/RecipeDetailViews.swift */; };
		DAD0000000000000000000D /* ounje/Features/Profile/Views/Paywall/OunjePaywallHostView.swift in Sources */ = {isa = PBXBuildFile; fileRef = DAE0000000000000000000D /* ounje/Features/Profile/Views/Paywall/OunjePaywallHostView.swift */; };
		DAD0000000000000000000E /* ounje/Features/Profile/Views/Paywall/CleanPaywallCadenceCard.swift in Sources */ = {isa = PBXBuildFile; fileRef = DAE0000000000000000000E /* ounje/Features/Profile/Views/Paywall/CleanPaywallCadenceCard.swift */; };
		DAD0000000000000000000F /* ounje/Features/Discover/Views/DiscoverHeaderView.swift in Sources */ = {isa = PBXBuildFile; fileRef = DAE0000000000000000000F /* ounje/Features/Discover/Views/DiscoverHeaderView.swift */; };
		DAD00000000000000000010 /* ounje/Features/Discover/Views/DiscoverSearchField.swift in Sources */ = {isa = PBXBuildFile; fileRef = DAE00000000000000000010 /* ounje/Features/Discover/Views/DiscoverSearchField.swift */; };
		DAD00000000000000000011 /* ounje/Features/Discover/Views/DiscoverLoadingViews.swift in Sources */ = {isa = PBXBuildFile; fileRef = DAE00000000000000000011 /* ounje/Features/Discover/Views/DiscoverLoadingViews.swift */; };
		DAD00000000000000000012 /* ounje/Features/Discover/Views/DiscoverRecipeFeedContentView.swift in Sources */ = {isa = PBXBuildFile; fileRef = DAE00000000000000000012 /* ounje/Features/Discover/Views/DiscoverRecipeFeedContentView.swift */; };
		DAD00000000000000000013 /* ounje/Features/Onboarding/Models/OnboardingRecipeEditDemoCatalog.swift in Sources */ = {isa = PBXBuildFile; fileRef = DAE00000000000000000013 /* ounje/Features/Onboarding/Models/OnboardingRecipeEditDemoCatalog.swift */; };
		DAD00000000000000000014 /* ounje/OnboardingRecipeEditDemoCatalog.json in Resources */ = {isa = PBXBuildFile; fileRef = DAE00000000000000000014 /* ounje/OnboardingRecipeEditDemoCatalog.json */; };
		DAD00000000000000000015 /* run_forrest_run_white.lottie in Resources */ = {isa = PBXBuildFile; fileRef = DAE00000000000000000015 /* run_forrest_run_white.lottie */; };
		EA0100010000000000000001 /* Biro_Script_reduced.ttf in Resources */ = {isa = PBXBuildFile; fileRef = EA0100010000000000000002 /* Biro_Script_reduced.ttf */; };
		EA0100010000000000000003 /* Slee_handwritting-Regular.otf in Resources */ = {isa = PBXBuildFile; fileRef = EA0100010000000000000004 /* Slee_handwritting-Regular.otf */; };
		F10000000000000000000001 /* shopping_cart.lottie in Resources */ = {isa = PBXBuildFile; fileRef = F10000000000000000000002 /* shopping_cart.lottie */; };
		F10000000000000000000003 /* rbutton.riv in Resources */ = {isa = PBXBuildFile; fileRef = F10000000000000000000004 /* rbutton.riv */; };
		F10000000000000000000005 /* liquid.riv in Resources */ = {isa = PBXBuildFile; fileRef = F10000000000000000000006 /* liquid.riv */; };
		F10000000000000000000007 /* skills.riv in Resources */ = {isa = PBXBuildFile; fileRef = F10000000000000000000008 /* skills.riv */; };
		F10000000000000000000010 /* retro_coffee_character_bag.lottie in Resources */ = {isa = PBXBuildFile; fileRef = F1000000000000000000000D /* retro_coffee_character_bag.lottie */; };
		F10000000000000000000011 /* wumpus_hi.lottie in Resources */ = {isa = PBXBuildFile; fileRef = F1000000000000000000000E /* wumpus_hi.lottie */; };
		F10000000000000000000012 /* driving_car.lottie in Resources */ = {isa = PBXBuildFile; fileRef = F10000000000000000000013 /* driving_car.lottie */; };
		F10000000000000000000014 /* DotLottie in Frameworks */ = {isa = PBXBuildFile; productRef = F10000000000000000000015 /* DotLottie */; };
/* End PBXBuildFile section */

/* Begin PBXContainerItemProxy section */
		A30000000000000000000001 /* PBXContainerItemProxy */ = {
			isa = PBXContainerItemProxy;
			containerPortal = 83CBB9F71A601CBA00E9B192 /* Project object */;
			proxyType = 1;
			remoteGlobalIDString = A70000000000000000000001;
			remoteInfo = OunjeShareExtension;
		};
/* End PBXContainerItemProxy section */

/* Begin PBXCopyFilesBuildPhase section */
		A40000000000000000000001 /* Embed App Extensions */ = {
			isa = PBXCopyFilesBuildPhase;
			buildActionMask = 2147483647;
			dstPath = "";
			dstSubfolderSpec = 13;
			files = (
				A10000000000000000000004 /* OunjeShareExtension.appex in Embed App Extensions */,
			);
			name = "Embed App Extensions";
			runOnlyForDeploymentPostprocessing = 0;
		};
/* End PBXCopyFilesBuildPhase section */

/* Begin PBXFileReference section */
		13B07F961A680F5B00A75B9A /* ounje.app */ = {isa = PBXFileReference; explicitFileType = wrapper.application; includeInIndex = 0; path = ounje.app; sourceTree = BUILT_PRODUCTS_DIR; };
		13B07FB51A68108700A75B9A /* Images.xcassets */ = {isa = PBXFileReference; lastKnownFileType = folder.assetcatalog; name = Images.xcassets; path = ounje/Images.xcassets; sourceTree = "<group>"; };
		13B07FB61A68108700A75B9A /* Info.plist */ = {isa = PBXFileReference; fileEncoding = 4; lastKnownFileType = text.plist.xml; name = Info.plist; path = ounje/Info.plist; sourceTree = "<group>"; };
		2995497FBC63264E7C61B613 /* PrivacyInfo.xcprivacy */ = {isa = PBXFileReference; includeInIndex = 1; lastKnownFileType = text.xml; name = PrivacyInfo.xcprivacy; path = ounje/PrivacyInfo.xcprivacy; sourceTree = "<group>"; };
		5B7A9E2C64E34F8BAA120002 /* welcome-vid-bg.mp4 */ = {isa = PBXFileReference; lastKnownFileType = file; name = "welcome-vid-bg.mp4"; path = "ounje/welcome-vid-bg.mp4"; sourceTree = "<group>"; };
		A20000000000000000000001 /* ounje/ShareExtensionShared/SharedRecipeImportCore.swift */ = {isa = PBXFileReference; lastKnownFileType = sourcecode.swift; path = ounje/ShareExtensionShared/SharedRecipeImportCore.swift; sourceTree = "<group>"; };
		A20000000000000000000002 /* OunjeShareExtension.appex */ = {isa = PBXFileReference; explicitFileType = "wrapper.app-extension"; includeInIndex = 0; path = OunjeShareExtension.appex; sourceTree = BUILT_PRODUCTS_DIR; };
		A20000000000000000000003 /* Info.plist */ = {isa = PBXFileReference; fileEncoding = 4; lastKnownFileType = text.plist.xml; path = Info.plist; sourceTree = "<group>"; };
		A20000000000000000000004 /* OunjeShareViewController.swift */ = {isa = PBXFileReference; lastKnownFileType = sourcecode.swift; path = OunjeShareViewController.swift; sourceTree = "<group>"; };
		A20000000000000000000005 /* OunjeShareExtension.entitlements */ = {isa = PBXFileReference; lastKnownFileType = text.plist.entitlements; path = OunjeShareExtension.entitlements; sourceTree = "<group>"; };
		A20000000000000000000006 /* ounje/ShareExtensionShared/SharedImportModels.swift */ = {isa = PBXFileReference; lastKnownFileType = sourcecode.swift; path = ounje/ShareExtensionShared/SharedImportModels.swift; sourceTree = "<group>"; };
		AA286B85B6C04FC6940260E9 /* OunjeLaunch.storyboard */ = {isa = PBXFileReference; fileEncoding = 4; lastKnownFileType = file.storyboard; name = OunjeLaunch.storyboard; path = ounje/OunjeLaunch.storyboard; sourceTree = "<group>"; };
		DAB00000000000000000001 /* ounje/App/OunjeDevelopmentServer.swift */ = {isa = PBXFileReference; lastKnownFileType = sourcecode.swift; path = ounje/App/OunjeDevelopmentServer.swift; sourceTree = "<group>"; };
		DAB00000000000000000002 /* ounje/Core/DesignSystem/OunjePalette.swift */ = {isa = PBXFileReference; lastKnownFileType = sourcecode.swift; path = ounje/Core/DesignSystem/OunjePalette.swift; sourceTree = "<group>"; };
		DAB00000000000000000003 /* ounje/Core/DesignSystem/Components/RecipeCardComponents.swift */ = {isa = PBXFileReference; lastKnownFileType = sourcecode.swift; path = ounje/Core/DesignSystem/Components/RecipeCardComponents.swift; sourceTree = "<group>"; };
		DAB00000000000000000004 /* ounje/Features/Discover/DiscoverModels.swift */ = {isa = PBXFileReference; lastKnownFileType = sourcecode.swift; path = ounje/Features/Discover/DiscoverModels.swift; sourceTree = "<group>"; };
		DAB00000000000000000005 /* ounje/Features/Discover/DiscoverRecipesViewModel.swift */ = {isa = PBXFileReference; lastKnownFileType = sourcecode.swift; path = ounje/Features/Discover/DiscoverRecipesViewModel.swift; sourceTree = "<group>"; };
		DAB00000000000000000006 /* ounje/Features/Discover/Views/DiscoverTabView.swift */ = {isa = PBXFileReference; lastKnownFileType = sourcecode.swift; path = ounje/Features/Discover/Views/DiscoverTabView.swift; sourceTree = "<group>"; };
		DAB00000000000000000007 /* ounje/Core/DesignSystem/OunjeLayout.swift */ = {isa = PBXFileReference; lastKnownFileType = sourcecode.swift; path = ounje/Core/DesignSystem/OunjeLayout.swift; sourceTree = "<group>"; };
		DAB00000000000000000008 /* ounje/Core/DesignSystem/OunjeMotion.swift */ = {isa = PBXFileReference; lastKnownFileType = sourcecode.swift; path = ounje/Core/DesignSystem/OunjeMotion.swift; sourceTree = "<group>"; };
		DAB00000000000000000009 /* ounje/Core/DesignSystem/Typography.swift */ = {isa = PBXFileReference; lastKnownFileType = sourcecode.swift; path = ounje/Core/DesignSystem/Typography.swift; sourceTree = "<group>"; };
		DAB00000000000000000010 /* ounje/Features/Discover/DiscoverRecipeService.swift */ = {isa = PBXFileReference; lastKnownFileType = sourcecode.swift; path = ounje/Features/Discover/DiscoverRecipeService.swift; sourceTree = "<group>"; };
		DAB00000000000000000011 /* ounje/Features/Discover/DiscoverEnvironmentService.swift */ = {isa = PBXFileReference; lastKnownFileType = sourcecode.swift; path = ounje/Features/Discover/DiscoverEnvironmentService.swift; sourceTree = "<group>"; };
		DAB00000000000000000012 /* ounje/App/OunjeApp.swift */ = {isa = PBXFileReference; lastKnownFileType = sourcecode.swift; path = ounje/App/OunjeApp.swift; sourceTree = "<group>"; };
		DAB00000000000000000013 /* ounje/App/AppRootView.swift */ = {isa = PBXFileReference; lastKnownFileType = sourcecode.swift; path = ounje/App/AppRootView.swift; sourceTree = "<group>"; };
		DAB00000000000000000014 /* ounje/App/AppTab.swift */ = {isa = PBXFileReference; lastKnownFileType = sourcecode.swift; path = ounje/App/AppTab.swift; sourceTree = "<group>"; };
		DAB00000000000000000015 /* ounje/Core/Networking/SupabaseConfig.swift */ = {isa = PBXFileReference; lastKnownFileType = sourcecode.swift; path = ounje/Core/Networking/SupabaseConfig.swift; sourceTree = "<group>"; };
		DAB00000000000000000016 /* ounje/Core/Services/ToastCenter.swift */ = {isa = PBXFileReference; lastKnownFileType = sourcecode.swift; path = ounje/Core/Services/ToastCenter.swift; sourceTree = "<group>"; };
		DAB00000000000000000017 /* ounje/Core/Networking/BackendEndpoint.swift */ = {isa = PBXFileReference; lastKnownFileType = sourcecode.swift; path = ounje/Core/Networking/BackendEndpoint.swift; sourceTree = "<group>"; };
		DAB00000000000000000018 /* ounje/Core/Networking/APIClient.swift */ = {isa = PBXFileReference; lastKnownFileType = sourcecode.swift; path = ounje/Core/Networking/APIClient.swift; sourceTree = "<group>"; };
		DAB00000000000000000019 /* ounje/Core/Services/ImagePrefetcher.swift */ = {isa = PBXFileReference; lastKnownFileType = sourcecode.swift; path = ounje/Core/Services/ImagePrefetcher.swift; sourceTree = "<group>"; };
		DAB00000000000000000020 /* ounje/Features/Cookbook/SavedRecipesStore.swift */ = {isa = PBXFileReference; lastKnownFileType = sourcecode.swift; path = ounje/Features/Cookbook/SavedRecipesStore.swift; sourceTree = "<group>"; };
		DAB00000000000000000021 /* ounje/Features/Settings/FeedbackService.swift */ = {isa = PBXFileReference; lastKnownFileType = sourcecode.swift; path = ounje/Features/Settings/FeedbackService.swift; sourceTree = "<group>"; };
		DAB00000000000000000022 /* ounje/Features/Settings/FeedbackAttachmentStorageService.swift */ = {isa = PBXFileReference; lastKnownFileType = sourcecode.swift; path = ounje/Features/Settings/FeedbackAttachmentStorageService.swift; sourceTree = "<group>"; };
		DAB00000000000000000023 /* ounje/App/OunjeAppDelegate.swift */ = {isa = PBXFileReference; lastKnownFileType = sourcecode.swift; path = ounje/App/OunjeAppDelegate.swift; sourceTree = "<group>"; };
		DAB00000000000000000024 /* ounje/Core/Services/OunjePushTokenRegistrar.swift */ = {isa = PBXFileReference; lastKnownFileType = sourcecode.swift; path = ounje/Core/Services/OunjePushTokenRegistrar.swift; sourceTree = "<group>"; };
		DAB00000000000000000025 /* ounje/App/UserRuntimeStore.swift */ = {isa = PBXFileReference; lastKnownFileType = sourcecode.swift; path = ounje/App/UserRuntimeStore.swift; sourceTree = "<group>"; };
		DAE00000000000000000001 /* ounje/Core/Services/AppRealtimeInvalidationCoordinator.swift */ = {isa = PBXFileReference; lastKnownFileType = sourcecode.swift; path = ounje/Core/Services/AppRealtimeInvalidationCoordinator.swift; sourceTree = "<group>"; };
		DAE00000000000000000002 /* ounje/Core/Services/AppNotificationServices.swift */ = {isa = PBXFileReference; lastKnownFileType = sourcecode.swift; path = ounje/Core/Services/AppNotificationServices.swift; sourceTree = "<group>"; };
		DAE00000000000000000003 /* ounje/Core/Services/MembershipServices.swift */ = {isa = PBXFileReference; lastKnownFileType = sourcecode.swift; path = ounje/Core/Services/MembershipServices.swift; sourceTree = "<group>"; };
		DAE00000000000000000004 /* ounje/Core/Supabase/SupabaseServices.swift */ = {isa = PBXFileReference; lastKnownFileType = sourcecode.swift; path = ounje/Core/Supabase/SupabaseServices.swift; sourceTree = "<group>"; };
		DAE00000000000000000005 /* ounje/Features/RecipeDetail/RecipeDetailServices.swift */ = {isa = PBXFileReference; lastKnownFileType = sourcecode.swift; path = ounje/Features/RecipeDetail/RecipeDetailServices.swift; sourceTree = "<group>"; };
		DAE00000000000000000006 /* ounje/Features/Cookbook/RecipeImportAPIService.swift */ = {isa = PBXFileReference; lastKnownFileType = sourcecode.swift; path = ounje/Features/Cookbook/RecipeImportAPIService.swift; sourceTree = "<group>"; };
		DAE00000000000000000007 /* ounje/Features/Cart/InstacartAutomationServices.swift */ = {isa = PBXFileReference; lastKnownFileType = sourcecode.swift; path = ounje/Features/Cart/InstacartAutomationServices.swift; sourceTree = "<group>"; };
		DAE00000000000000000008 /* ounje/Features/Onboarding/Views/OnboardingViews.swift */ = {isa = PBXFileReference; lastKnownFileType = sourcecode.swift; path = ounje/Features/Onboarding/Views/OnboardingViews.swift; sourceTree = "<group>"; };
		DAE00000000000000000009 /* ounje/Features/Profile/Views/ProfileViews.swift */ = {isa = PBXFileReference; lastKnownFileType = sourcecode.swift; path = ounje/Features/Profile/Views/ProfileViews.swift; sourceTree = "<group>"; };
		DAE0000000000000000000A /* ounje/Features/Cart/Views/CartViews.swift */ = {isa = PBXFileReference; lastKnownFileType = sourcecode.swift; path = ounje/Features/Cart/Views/CartViews.swift; sourceTree = "<group>"; };
		DAE0000000000000000000B /* ounje/Features/Prep/Views/PrepViews.swift */ = {isa = PBXFileReference; lastKnownFileType = sourcecode.swift; path = ounje/Features/Prep/Views/PrepViews.swift; sourceTree = "<group>"; };
		DAE0000000000000000000C /* ounje/Features/RecipeDetail/Views/RecipeDetailViews.swift */ = {isa = PBXFileReference; lastKnownFileType = sourcecode.swift; path = ounje/Features/RecipeDetail/Views/RecipeDetailViews.swift; sourceTree = "<group>"; };
		DAE0000000000000000000D /* ounje/Features/Profile/Views/Paywall/OunjePaywallHostView.swift */ = {isa = PBXFileReference; lastKnownFileType = sourcecode.swift; path = ounje/Features/Profile/Views/Paywall/OunjePaywallHostView.swift; sourceTree = "<group>"; };
		DAE0000000000000000000E /* ounje/Features/Profile/Views/Paywall/CleanPaywallCadenceCard.swift */ = {isa = PBXFileReference; lastKnownFileType = sourcecode.swift; path = ounje/Features/Profile/Views/Paywall/CleanPaywallCadenceCard.swift; sourceTree = "<group>"; };
		DAE0000000000000000000F /* ounje/Features/Discover/Views/DiscoverHeaderView.swift */ = {isa = PBXFileReference; lastKnownFileType = sourcecode.swift; path = ounje/Features/Discover/Views/DiscoverHeaderView.swift; sourceTree = "<group>"; };
		DAE00000000000000000010 /* ounje/Features/Discover/Views/DiscoverSearchField.swift */ = {isa = PBXFileReference; lastKnownFileType = sourcecode.swift; path = ounje/Features/Discover/Views/DiscoverSearchField.swift; sourceTree = "<group>"; };
		DAE00000000000000000011 /* ounje/Features/Discover/Views/DiscoverLoadingViews.swift */ = {isa = PBXFileReference; lastKnownFileType = sourcecode.swift; path = ounje/Features/Discover/Views/DiscoverLoadingViews.swift; sourceTree = "<group>"; };
		DAE00000000000000000012 /* ounje/Features/Discover/Views/DiscoverRecipeFeedContentView.swift */ = {isa = PBXFileReference; lastKnownFileType = sourcecode.swift; path = ounje/Features/Discover/Views/DiscoverRecipeFeedContentView.swift; sourceTree = "<group>"; };
		DAE00000000000000000013 /* ounje/Features/Onboarding/Models/OnboardingRecipeEditDemoCatalog.swift */ = {isa = PBXFileReference; lastKnownFileType = sourcecode.swift; path = ounje/Features/Onboarding/Models/OnboardingRecipeEditDemoCatalog.swift; sourceTree = "<group>"; };
		DAE00000000000000000014 /* ounje/OnboardingRecipeEditDemoCatalog.json */ = {isa = PBXFileReference; lastKnownFileType = text.json; path = ounje/OnboardingRecipeEditDemoCatalog.json; sourceTree = "<group>"; };
		DAE00000000000000000015 /* run_forrest_run_white.lottie */ = {isa = PBXFileReference; lastKnownFileType = file; name = run_forrest_run_white.lottie; path = ounje/run_forrest_run_white.lottie; sourceTree = "<group>"; };
		EA0100010000000000000002 /* Biro_Script_reduced.ttf */ = {isa = PBXFileReference; lastKnownFileType = file; name = Biro_Script_reduced.ttf; path = ounje/Supporting/Fonts/Biro_Script_reduced.ttf; sourceTree = "<group>"; };
		EA0100010000000000000004 /* Slee_handwritting-Regular.otf */ = {isa = PBXFileReference; lastKnownFileType = file; name = "Slee_handwritting-Regular.otf"; path = "ounje/Supporting/Fonts/Slee_handwritting-Regular.otf"; sourceTree = "<group>"; };
		F10000000000000000000002 /* shopping_cart.lottie */ = {isa = PBXFileReference; lastKnownFileType = file; name = shopping_cart.lottie; path = ounje/shopping_cart.lottie; sourceTree = "<group>"; };
		F10000000000000000000004 /* rbutton.riv */ = {isa = PBXFileReference; lastKnownFileType = file; name = rbutton.riv; path = ounje/rbutton.riv; sourceTree = "<group>"; };
		F10000000000000000000006 /* liquid.riv */ = {isa = PBXFileReference; lastKnownFileType = file; name = liquid.riv; path = ounje/liquid.riv; sourceTree = "<group>"; };
		F10000000000000000000008 /* skills.riv */ = {isa = PBXFileReference; lastKnownFileType = file; name = skills.riv; path = ounje/skills.riv; sourceTree = "<group>"; };
		F1000000000000000000000D /* retro_coffee_character_bag.lottie */ = {isa = PBXFileReference; lastKnownFileType = file; name = retro_coffee_character_bag.lottie; path = ounje/retro_coffee_character_bag.lottie; sourceTree = "<group>"; };
		F1000000000000000000000E /* wumpus_hi.lottie */ = {isa = PBXFileReference; lastKnownFileType = file; name = wumpus_hi.lottie; path = ounje/wumpus_hi.lottie; sourceTree = "<group>"; };
		F10000000000000000000013 /* driving_car.lottie */ = {isa = PBXFileReference; lastKnownFileType = file; name = driving_car.lottie; path = ounje/driving_car.lottie; sourceTree = "<group>"; };
		F1A2B3C40100000100000002 /* ounje/App/AppEnvironment.swift */ = {isa = PBXFileReference; lastKnownFileType = sourcecode.swift; path = ounje/App/AppEnvironment.swift; sourceTree = "<group>"; };
		F1A2B3C40100000100000003 /* ounje/Features/Prep/PrepGenerationService.swift */ = {isa = PBXFileReference; lastKnownFileType = sourcecode.swift; path = ounje/Features/Prep/PrepGenerationService.swift; sourceTree = "<group>"; };
		F1A2B3C40100000100000004 /* ounje/Core/Models/UserProfile.swift */ = {isa = PBXFileReference; lastKnownFileType = sourcecode.swift; path = ounje/Core/Models/UserProfile.swift; sourceTree = "<group>"; };
		F1A2B3C40100000100000005 /* ounje/Core/Models/RecipeCatalog.swift */ = {isa = PBXFileReference; lastKnownFileType = sourcecode.swift; path = ounje/Core/Models/RecipeCatalog.swift; sourceTree = "<group>"; };
		F1A2B3C40100000100000006 /* ounje/Features/Cart/GroceryService.swift */ = {isa = PBXFileReference; lastKnownFileType = sourcecode.swift; path = ounje/Features/Cart/GroceryService.swift; sourceTree = "<group>"; };
		F1A2B3C40100000100000009 /* ounje/Features/Cart/MainShopSnapshotBuilder.swift */ = {isa = PBXFileReference; lastKnownFileType = sourcecode.swift; path = ounje/Features/Cart/MainShopSnapshotBuilder.swift; sourceTree = "<group>"; };
		F1A2B3C4010000010000000A /* ounje/Core/Models/RecipeModels.swift */ = {isa = PBXFileReference; lastKnownFileType = sourcecode.swift; path = ounje/Core/Models/RecipeModels.swift; sourceTree = "<group>"; };
		F1A2B3C4010000010000000B /* ounje/Core/Models/GroceryModels.swift */ = {isa = PBXFileReference; lastKnownFileType = sourcecode.swift; path = ounje/Core/Models/GroceryModels.swift; sourceTree = "<group>"; };
/* End PBXFileReference section */

/* Begin PBXFrameworksBuildPhase section */
		13B07F8C1A680F5B00A75B9A /* Frameworks */ = {
			isa = PBXFrameworksBuildPhase;
			buildActionMask = 2147483647;
			files = (
				F10000000000000000000014 /* DotLottie in Frameworks */,
			);
			runOnlyForDeploymentPostprocessing = 0;
		};
		A50000000000000000000001 /* Frameworks */ = {
			isa = PBXFrameworksBuildPhase;
			buildActionMask = 2147483647;
			files = (
			);
			runOnlyForDeploymentPostprocessing = 0;
		};
/* End PBXFrameworksBuildPhase section */

/* Begin PBXGroup section */
		13B07FAE1A68108700A75B9A /* ounje */ = {
			isa = PBXGroup;
			children = (
				DAC00000000000000000001 /* App */,
				DAC00000000000000000002 /* Core */,
				DAC00000000000000000005 /* Features */,
				DAC00000000000000000027 /* ShareExtensionShared */,
				13B07FB51A68108700A75B9A /* Images.xcassets */,
				13B07FB61A68108700A75B9A /* Info.plist */,
				AA286B85B6C04FC6940260E9 /* OunjeLaunch.storyboard */,
				2995497FBC63264E7C61B613 /* PrivacyInfo.xcprivacy */,
				5B7A9E2C64E34F8BAA120002 /* welcome-vid-bg.mp4 */,
				EA0100010000000000000002 /* Biro_Script_reduced.ttf */,
				EA0100010000000000000004 /* Slee_handwritting-Regular.otf */,
				F10000000000000000000002 /* shopping_cart.lottie */,
				F1000000000000000000000D /* retro_coffee_character_bag.lottie */,
				F1000000000000000000000E /* wumpus_hi.lottie */,
				F10000000000000000000013 /* driving_car.lottie */,
				DAE00000000000000000015 /* run_forrest_run_white.lottie */,
				F10000000000000000000004 /* rbutton.riv */,
				F10000000000000000000006 /* liquid.riv */,
				F10000000000000000000008 /* skills.riv */,
				DAE00000000000000000014 /* ounje/OnboardingRecipeEditDemoCatalog.json */,
			);
			name = ounje;
			sourceTree = "<group>";
		};
		83CBB9F61A601CBA00E9B192 = {
			isa = PBXGroup;
			children = (
				13B07FAE1A68108700A75B9A /* ounje */,
				A60000000000000000000001 /* OunjeShareExtension */,
				83CBBA001A601CBA00E9B192 /* Products */,
			);
			indentWidth = 2;
			sourceTree = "<group>";
			tabWidth = 2;
			usesTabs = 0;
		};
		83CBBA001A601CBA00E9B192 /* Products */ = {
			isa = PBXGroup;
			children = (
				13B07F961A680F5B00A75B9A /* ounje.app */,
				A20000000000000000000002 /* OunjeShareExtension.appex */,
			);
			name = Products;
			sourceTree = "<group>";
		};
		A60000000000000000000001 /* OunjeShareExtension */ = {
			isa = PBXGroup;
			children = (
				A20000000000000000000004 /* OunjeShareViewController.swift */,
				A20000000000000000000003 /* Info.plist */,
				A20000000000000000000005 /* OunjeShareExtension.entitlements */,
			);
			path = OunjeShareExtension;
			sourceTree = "<group>";
		};
		DAC00000000000000000001 /* App */ = {
			isa = PBXGroup;
			children = (
				DAB00000000000000000012 /* ounje/App/OunjeApp.swift */,
				DAB00000000000000000013 /* ounje/App/AppRootView.swift */,
				DAB00000000000000000014 /* ounje/App/AppTab.swift */,
				DAB00000000000000000025 /* ounje/App/UserRuntimeStore.swift */,
				F1A2B3C40100000100000002 /* ounje/App/AppEnvironment.swift */,
				DAB00000000000000000001 /* ounje/App/OunjeDevelopmentServer.swift */,
				DAB00000000000000000023 /* ounje/App/OunjeAppDelegate.swift */,
			);
			name = App;
			sourceTree = "<group>";
		};
		DAC00000000000000000002 /* Core */ = {
			isa = PBXGroup;
			children = (
				DAC00000000000000000003 /* DesignSystem */,
				DAC00000000000000000007 /* Networking */,
				DAG00000000000000000001 /* Supabase */,
				DAC00000000000000000008 /* Models */,
				DAC00000000000000000009 /* Services */,
			);
			name = Core;
			sourceTree = "<group>";
		};
		DAC00000000000000000003 /* DesignSystem */ = {
			isa = PBXGroup;
			children = (
				DAB00000000000000000002 /* ounje/Core/DesignSystem/OunjePalette.swift */,
				DAB00000000000000000007 /* ounje/Core/DesignSystem/OunjeLayout.swift */,
				DAB00000000000000000008 /* ounje/Core/DesignSystem/OunjeMotion.swift */,
				DAB00000000000000000009 /* ounje/Core/DesignSystem/Typography.swift */,
				DAC00000000000000000004 /* Components */,
			);
			name = DesignSystem;
			sourceTree = "<group>";
		};
		DAC00000000000000000004 /* Components */ = {
			isa = PBXGroup;
			children = (
				DAB00000000000000000003 /* ounje/Core/DesignSystem/Components/RecipeCardComponents.swift */,
			);
			name = Components;
			sourceTree = "<group>";
		};
		DAC00000000000000000005 /* Features */ = {
			isa = PBXGroup;
			children = (
				DAC00000000000000000011 /* Onboarding */,
				DAC00000000000000000012 /* Prep */,
				DAC00000000000000000006 /* Discover */,
				DAG00000000000000000002 /* RecipeDetail */,
				DAC00000000000000000013 /* Cookbook */,
				DAC00000000000000000014 /* Cart */,
				DAC00000000000000000015 /* Profile */,
				DAC00000000000000000016 /* Settings */,
			);
			name = Features;
			sourceTree = "<group>";
		};
		DAC00000000000000000006 /* Discover */ = {
			isa = PBXGroup;
			children = (
				DAC00000000000000000010 /* Views */,
				DAC00000000000000000017 /* Components */,
				DAB00000000000000000004 /* ounje/Features/Discover/DiscoverModels.swift */,
				DAB00000000000000000005 /* ounje/Features/Discover/DiscoverRecipesViewModel.swift */,
				DAB00000000000000000010 /* ounje/Features/Discover/DiscoverRecipeService.swift */,
				DAB00000000000000000011 /* ounje/Features/Discover/DiscoverEnvironmentService.swift */,
			);
			name = Discover;
			sourceTree = "<group>";
		};
		DAC00000000000000000007 /* Networking */ = {
			isa = PBXGroup;
			children = (
				DAB00000000000000000018 /* ounje/Core/Networking/APIClient.swift */,
				DAB00000000000000000015 /* ounje/Core/Networking/SupabaseConfig.swift */,
				DAB00000000000000000017 /* ounje/Core/Networking/BackendEndpoint.swift */,
			);
			name = Networking;
			sourceTree = "<group>";
		};
		DAC00000000000000000008 /* Models */ = {
			isa = PBXGroup;
			children = (
				F1A2B3C40100000100000004 /* ounje/Core/Models/UserProfile.swift */,
				F1A2B3C4010000010000000A /* ounje/Core/Models/RecipeModels.swift */,
				F1A2B3C4010000010000000B /* ounje/Core/Models/GroceryModels.swift */,
				F1A2B3C40100000100000005 /* ounje/Core/Models/RecipeCatalog.swift */,
			);
			name = Models;
			sourceTree = "<group>";
		};
		DAC00000000000000000009 /* Services */ = {
			isa = PBXGroup;
			children = (
				DAB00000000000000000019 /* ounje/Core/Services/ImagePrefetcher.swift */,
				DAB00000000000000000016 /* ounje/Core/Services/ToastCenter.swift */,
				DAE00000000000000000001 /* ounje/Core/Services/AppRealtimeInvalidationCoordinator.swift */,
				DAE00000000000000000002 /* ounje/Core/Services/AppNotificationServices.swift */,
				DAE00000000000000000003 /* ounje/Core/Services/MembershipServices.swift */,
				DAB00000000000000000024 /* ounje/Core/Services/OunjePushTokenRegistrar.swift */,
			);
			name = Services;
			sourceTree = "<group>";
		};
		DAC00000000000000000010 /* Views */ = {
			isa = PBXGroup;
			children = (
				DAB00000000000000000006 /* ounje/Features/Discover/Views/DiscoverTabView.swift */,
				DAE0000000000000000000F /* ounje/Features/Discover/Views/DiscoverHeaderView.swift */,
				DAE00000000000000000010 /* ounje/Features/Discover/Views/DiscoverSearchField.swift */,
				DAE00000000000000000011 /* ounje/Features/Discover/Views/DiscoverLoadingViews.swift */,
				DAE00000000000000000012 /* ounje/Features/Discover/Views/DiscoverRecipeFeedContentView.swift */,
			);
			name = Views;
			sourceTree = "<group>";
		};
		DAC00000000000000000011 /* Onboarding */ = {
			isa = PBXGroup;
			children = (
				DAC00000000000000000018 /* Views */,
				DAC00000000000000000019 /* Models */,
			);
			name = Onboarding;
			sourceTree = "<group>";
		};
		DAC00000000000000000012 /* Prep */ = {
			isa = PBXGroup;
			children = (
				DAC00000000000000000020 /* Views */,
				DAC00000000000000000021 /* Models */,
				F1A2B3C40100000100000003 /* ounje/Features/Prep/PrepGenerationService.swift */,
			);
			name = Prep;
			sourceTree = "<group>";
		};
		DAC00000000000000000013 /* Cookbook */ = {
			isa = PBXGroup;
			children = (
				DAC00000000000000000022 /* Views */,
				DAB00000000000000000020 /* ounje/Features/Cookbook/SavedRecipesStore.swift */,
				DAE00000000000000000006 /* ounje/Features/Cookbook/RecipeImportAPIService.swift */,
			);
			name = Cookbook;
			sourceTree = "<group>";
		};
		DAC00000000000000000014 /* Cart */ = {
			isa = PBXGroup;
			children = (
				DAC00000000000000000023 /* Views */,
				DAC00000000000000000024 /* Models */,
				F1A2B3C40100000100000009 /* ounje/Features/Cart/MainShopSnapshotBuilder.swift */,
				F1A2B3C40100000100000006 /* ounje/Features/Cart/GroceryService.swift */,
				DAE00000000000000000007 /* ounje/Features/Cart/InstacartAutomationServices.swift */,
			);
			name = Cart;
			sourceTree = "<group>";
		};
		DAC00000000000000000015 /* Profile */ = {
			isa = PBXGroup;
			children = (
				DAC00000000000000000025 /* Views */,
			);
			name = Profile;
			sourceTree = "<group>";
		};
		DAC00000000000000000016 /* Settings */ = {
			isa = PBXGroup;
			children = (
				DAC00000000000000000026 /* Views */,
				DAB00000000000000000021 /* ounje/Features/Settings/FeedbackService.swift */,
				DAB00000000000000000022 /* ounje/Features/Settings/FeedbackAttachmentStorageService.swift */,
			);
			name = Settings;
			sourceTree = "<group>";
		};
		DAC00000000000000000017 /* Components */ = {
			isa = PBXGroup;
			children = (
			);
			name = Components;
			sourceTree = "<group>";
		};
		DAC00000000000000000018 /* Views */ = {
			isa = PBXGroup;
			children = (
				DAE00000000000000000008 /* ounje/Features/Onboarding/Views/OnboardingViews.swift */,
			);
			name = Views;
			sourceTree = "<group>";
		};
		DAC00000000000000000019 /* Models */ = {
			isa = PBXGroup;
			children = (
				DAE00000000000000000013 /* ounje/Features/Onboarding/Models/OnboardingRecipeEditDemoCatalog.swift */,
			);
			name = Models;
			sourceTree = "<group>";
		};
		DAC00000000000000000020 /* Views */ = {
			isa = PBXGroup;
			children = (
				DAE0000000000000000000B /* ounje/Features/Prep/Views/PrepViews.swift */,
			);
			name = Views;
			sourceTree = "<group>";
		};
		DAC00000000000000000021 /* Models */ = {
			isa = PBXGroup;
			children = (
			);
			name = Models;
			sourceTree = "<group>";
		};
		DAC00000000000000000022 /* Views */ = {
			isa = PBXGroup;
			children = (
			);
			name = Views;
			sourceTree = "<group>";
		};
		DAC00000000000000000023 /* Views */ = {
			isa = PBXGroup;
			children = (
				DAE0000000000000000000A /* ounje/Features/Cart/Views/CartViews.swift */,
			);
			name = Views;
			sourceTree = "<group>";
		};
		DAC00000000000000000024 /* Models */ = {
			isa = PBXGroup;
			children = (
			);
			name = Models;
			sourceTree = "<group>";
		};
		DAC00000000000000000025 /* Views */ = {
			isa = PBXGroup;
			children = (
				DAE00000000000000000009 /* ounje/Features/Profile/Views/ProfileViews.swift */,
				DAC0000000000000000002A /* Paywall */,
			);
			name = Views;
			sourceTree = "<group>";
		};
		DAC00000000000000000026 /* Views */ = {
			isa = PBXGroup;
			children = (
			);
			name = Views;
			sourceTree = "<group>";
		};
		DAC00000000000000000027 /* ShareExtensionShared */ = {
			isa = PBXGroup;
			children = (
				A20000000000000000000006 /* ounje/ShareExtensionShared/SharedImportModels.swift */,
				A20000000000000000000001 /* ounje/ShareExtensionShared/SharedRecipeImportCore.swift */,
			);
			name = ShareExtensionShared;
			sourceTree = "<group>";
		};
		DAC0000000000000000002A /* Paywall */ = {
			isa = PBXGroup;
			children = (
				DAE0000000000000000000D /* ounje/Features/Profile/Views/Paywall/OunjePaywallHostView.swift */,
				DAE0000000000000000000E /* ounje/Features/Profile/Views/Paywall/CleanPaywallCadenceCard.swift */,
			);
			name = Paywall;
			sourceTree = "<group>";
		};
		DAG00000000000000000001 /* Supabase */ = {
			isa = PBXGroup;
			children = (
				DAE00000000000000000004 /* ounje/Core/Supabase/SupabaseServices.swift */,
			);
			name = Supabase;
			sourceTree = "<group>";
		};
		DAG00000000000000000002 /* RecipeDetail */ = {
			isa = PBXGroup;
			children = (
				DAG00000000000000000003 /* Views */,
				DAG00000000000000000004 /* Components */,
				DAE00000000000000000005 /* ounje/Features/RecipeDetail/RecipeDetailServices.swift */,
			);
			name = RecipeDetail;
			sourceTree = "<group>";
		};
		DAG00000000000000000003 /* Views */ = {
			isa = PBXGroup;
			children = (
				DAE0000000000000000000C /* ounje/Features/RecipeDetail/Views/RecipeDetailViews.swift */,
			);
			name = Views;
			sourceTree = "<group>";
		};
		DAG00000000000000000004 /* Components */ = {
			isa = PBXGroup;
			children = (
			);
			name = Components;
			sourceTree = "<group>";
		};
/* End PBXGroup section */

/* Begin PBXNativeTarget section */
		13B07F861A680F5B00A75B9A /* ounje */ = {
			isa = PBXNativeTarget;
			buildConfigurationList = 13B07F931A680F5B00A75B9A /* Build configuration list for PBXNativeTarget "ounje" */;
			buildPhases = (
				13B07F871A680F5B00A75B9A /* Sources */,
				13B07F8C1A680F5B00A75B9A /* Frameworks */,
				A40000000000000000000001 /* Embed App Extensions */,
				13B07F8E1A680F5B00A75B9A /* Resources */,
				F10000000000000000000017 /* Generate DotLottiePlayer dSYM */,
			);
			buildRules = (
			);
			dependencies = (
				A80000000000000000000001 /* PBXTargetDependency */,
			);
			name = ounje;
			packageProductDependencies = (
				F10000000000000000000015 /* DotLottie */,
			);
			productName = ounje;
			productReference = 13B07F961A680F5B00A75B9A /* ounje.app */;
			productType = "com.apple.product-type.application";
		};
		A70000000000000000000001 /* OunjeShareExtension */ = {
			isa = PBXNativeTarget;
			buildConfigurationList = A90000000000000000000003 /* Build configuration list for PBXNativeTarget "OunjeShareExtension" */;
			buildPhases = (
				A50000000000000000000002 /* Sources */,
				A50000000000000000000001 /* Frameworks */,
				A50000000000000000000003 /* Resources */,
			);
			buildRules = (
			);
			dependencies = (
			);
			name = OunjeShareExtension;
			productName = OunjeShareExtension;
			productReference = A20000000000000000000002 /* OunjeShareExtension.appex */;
			productType = "com.apple.product-type.app-extension";
		};
/* End PBXNativeTarget section */

/* Begin PBXProject section */
		83CBB9F71A601CBA00E9B192 /* Project object */ = {
			isa = PBXProject;
			attributes = {
				BuildIndependentTargetsInParallel = YES;
				LastUpgradeCheck = 2630;
				TargetAttributes = {
					13B07F861A680F5B00A75B9A = {
						CreatedOnToolsVersion = 16.0;
						LastSwiftMigration = 1600;
					};
					A70000000000000000000001 = {
						CreatedOnToolsVersion = 16.0;
						LastSwiftMigration = 1600;
					};
				};
			};
			buildConfigurationList = 83CBB9FA1A601CBA00E9B192 /* Build configuration list for PBXProject "ounje" */;
			compatibilityVersion = "Xcode 14.0";
			developmentRegion = en;
			hasScannedForEncodings = 0;
			knownRegions = (
				en,
				Base,
			);
			mainGroup = 83CBB9F61A601CBA00E9B192;
			packageReferences = (
				F10000000000000000000016 /* XCRemoteSwiftPackageReference "dotlottie-ios" */,
			);
			productRefGroup = 83CBBA001A601CBA00E9B192 /* Products */;
			projectDirPath = "";
			projectRoot = "";
			targets = (
				13B07F861A680F5B00A75B9A /* ounje */,
				A70000000000000000000001 /* OunjeShareExtension */,
			);
		};
/* End PBXProject section */

/* Begin PBXResourcesBuildPhase section */
		13B07F8E1A680F5B00A75B9A /* Resources */ = {
			isa = PBXResourcesBuildPhase;
			buildActionMask = 2147483647;
			files = (
				13B07FBF1A68108700A75B9A /* Images.xcassets in Resources */,
				3E461D99554A48A4959DE609 /* OunjeLaunch.storyboard in Resources */,
				07EB3EBF5B17A79F7E31BF2A /* PrivacyInfo.xcprivacy in Resources */,
				5B7A9E2C64E34F8BAA120001 /* welcome-vid-bg.mp4 in Resources */,
				EA0100010000000000000001 /* Biro_Script_reduced.ttf in Resources */,
				EA0100010000000000000003 /* Slee_handwritting-Regular.otf in Resources */,
				F10000000000000000000001 /* shopping_cart.lottie in Resources */,
				F10000000000000000000010 /* retro_coffee_character_bag.lottie in Resources */,
				F10000000000000000000011 /* wumpus_hi.lottie in Resources */,
				F10000000000000000000012 /* driving_car.lottie in Resources */,
				DAD00000000000000000015 /* run_forrest_run_white.lottie in Resources */,
				F10000000000000000000003 /* rbutton.riv in Resources */,
				F10000000000000000000005 /* liquid.riv in Resources */,
				F10000000000000000000007 /* skills.riv in Resources */,
				DAD00000000000000000014 /* ounje/OnboardingRecipeEditDemoCatalog.json in Resources */,
			);
			runOnlyForDeploymentPostprocessing = 0;
		};
		A50000000000000000000003 /* Resources */ = {
			isa = PBXResourcesBuildPhase;
			buildActionMask = 2147483647;
			files = (
			);
			runOnlyForDeploymentPostprocessing = 0;
		};
/* End PBXResourcesBuildPhase section */

/* Begin PBXShellScriptBuildPhase section */
		F10000000000000000000017 /* Generate DotLottiePlayer dSYM */ = {
			isa = PBXShellScriptBuildPhase;
			buildActionMask = 2147483647;
			files = (
			);
			inputFileListPaths = (
			);
			inputPaths = (
				"$(SRCROOT)/scripts/generate_dotlottie_dsym.sh",
				"$(BUILT_PRODUCTS_DIR)/DotLottiePlayer.framework/DotLottiePlayer",
				"$(BUILT_PRODUCTS_DIR)/DotLottiePlayer.framework/Info.plist",
			);
			name = "Generate DotLottiePlayer dSYM";
			outputFileListPaths = (
			);
			outputPaths = (
				"$(DWARF_DSYM_FOLDER_PATH)/DotLottiePlayer.framework.dSYM/Contents/Info.plist",
				"$(DWARF_DSYM_FOLDER_PATH)/DotLottiePlayer.framework.dSYM/Contents/Resources/DWARF/DotLottiePlayer",
				"$(DWARF_DSYM_FOLDER_PATH)/DotLottiePlayer.framework.dSYM/Contents/Resources/Relocations/aarch64/DotLottiePlayer.yml",
			);
			runOnlyForDeploymentPostprocessing = 0;
			shellPath = /bin/sh;
			shellScript = "\"$SRCROOT/scripts/generate_dotlottie_dsym.sh\"\n";
		};
/* End PBXShellScriptBuildPhase section */

/* Begin PBXSourcesBuildPhase section */
		13B07F871A680F5B00A75B9A /* Sources */ = {
			isa = PBXSourcesBuildPhase;
			buildActionMask = 2147483647;
			files = (
				DAA00000000000000000012 /* ounje/App/OunjeApp.swift in Sources */,
				DAA00000000000000000013 /* ounje/App/AppRootView.swift in Sources */,
				DAA00000000000000000014 /* ounje/App/AppTab.swift in Sources */,
				DAA00000000000000000025 /* ounje/App/UserRuntimeStore.swift in Sources */,
				C1D2E3F40100000100000002 /* ounje/App/AppEnvironment.swift in Sources */,
				C1D2E3F40100000100000003 /* ounje/Features/Prep/PrepGenerationService.swift in Sources */,
				C1D2E3F40100000100000004 /* ounje/Core/Models/UserProfile.swift in Sources */,
				C1D2E3F4010000010000000A /* ounje/Core/Models/RecipeModels.swift in Sources */,
				C1D2E3F4010000010000000B /* ounje/Core/Models/GroceryModels.swift in Sources */,
				C1D2E3F40100000100000005 /* ounje/Core/Models/RecipeCatalog.swift in Sources */,
				C1D2E3F40100000100000006 /* ounje/Features/Cart/GroceryService.swift in Sources */,
				C1D2E3F40100000100000009 /* ounje/Features/Cart/MainShopSnapshotBuilder.swift in Sources */,
				DAA00000000000000000001 /* ounje/App/OunjeDevelopmentServer.swift in Sources */,
				DAA00000000000000000018 /* ounje/Core/Networking/APIClient.swift in Sources */,
				DAA00000000000000000015 /* ounje/Core/Networking/SupabaseConfig.swift in Sources */,
				DAA00000000000000000017 /* ounje/Core/Networking/BackendEndpoint.swift in Sources */,
				DAA00000000000000000019 /* ounje/Core/Services/ImagePrefetcher.swift in Sources */,
				DAA00000000000000000016 /* ounje/Core/Services/ToastCenter.swift in Sources */,
				DAD00000000000000000001 /* ounje/Core/Services/AppRealtimeInvalidationCoordinator.swift in Sources */,
				DAD00000000000000000002 /* ounje/Core/Services/AppNotificationServices.swift in Sources */,
				DAD00000000000000000003 /* ounje/Core/Services/MembershipServices.swift in Sources */,
				DAD00000000000000000004 /* ounje/Core/Supabase/SupabaseServices.swift in Sources */,
				DAD00000000000000000005 /* ounje/Features/RecipeDetail/RecipeDetailServices.swift in Sources */,
				DAD00000000000000000006 /* ounje/Features/Cookbook/RecipeImportAPIService.swift in Sources */,
				DAD00000000000000000007 /* ounje/Features/Cart/InstacartAutomationServices.swift in Sources */,
				DAD00000000000000000008 /* ounje/Features/Onboarding/Views/OnboardingViews.swift in Sources */,
				DAD00000000000000000013 /* ounje/Features/Onboarding/Models/OnboardingRecipeEditDemoCatalog.swift in Sources */,
				DAD00000000000000000009 /* ounje/Features/Profile/Views/ProfileViews.swift in Sources */,
				DAD0000000000000000000A /* ounje/Features/Cart/Views/CartViews.swift in Sources */,
				DAD0000000000000000000B /* ounje/Features/Prep/Views/PrepViews.swift in Sources */,
				DAD0000000000000000000C /* ounje/Features/RecipeDetail/Views/RecipeDetailViews.swift in Sources */,
				DAD0000000000000000000D /* ounje/Features/Profile/Views/Paywall/OunjePaywallHostView.swift in Sources */,
				DAD0000000000000000000E /* ounje/Features/Profile/Views/Paywall/CleanPaywallCadenceCard.swift in Sources */,
				DAD0000000000000000000F /* ounje/Features/Discover/Views/DiscoverHeaderView.swift in Sources */,
				DAD00000000000000000010 /* ounje/Features/Discover/Views/DiscoverSearchField.swift in Sources */,
				DAD00000000000000000011 /* ounje/Features/Discover/Views/DiscoverLoadingViews.swift in Sources */,
				DAD00000000000000000012 /* ounje/Features/Discover/Views/DiscoverRecipeFeedContentView.swift in Sources */,
				DAA00000000000000000020 /* ounje/Features/Cookbook/SavedRecipesStore.swift in Sources */,
				DAA00000000000000000021 /* ounje/Features/Settings/FeedbackService.swift in Sources */,
				DAA00000000000000000022 /* ounje/Features/Settings/FeedbackAttachmentStorageService.swift in Sources */,
				DAA00000000000000000023 /* ounje/App/OunjeAppDelegate.swift in Sources */,
				DAA00000000000000000024 /* ounje/Core/Services/OunjePushTokenRegistrar.swift in Sources */,
				DAA00000000000000000002 /* ounje/Core/DesignSystem/OunjePalette.swift in Sources */,
				DAA00000000000000000007 /* ounje/Core/DesignSystem/OunjeLayout.swift in Sources */,
				DAA00000000000000000008 /* ounje/Core/DesignSystem/OunjeMotion.swift in Sources */,
				DAA00000000000000000009 /* ounje/Core/DesignSystem/Typography.swift in Sources */,
				DAA00000000000000000003 /* ounje/Core/DesignSystem/Components/RecipeCardComponents.swift in Sources */,
				DAA00000000000000000004 /* ounje/Features/Discover/DiscoverModels.swift in Sources */,
				DAA00000000000000000005 /* ounje/Features/Discover/DiscoverRecipesViewModel.swift in Sources */,
				DAA00000000000000000010 /* ounje/Features/Discover/DiscoverRecipeService.swift in Sources */,
				DAA00000000000000000011 /* ounje/Features/Discover/DiscoverEnvironmentService.swift in Sources */,
				DAA00000000000000000006 /* ounje/Features/Discover/Views/DiscoverTabView.swift in Sources */,
				A10000000000000000000005 /* ounje/ShareExtensionShared/SharedImportModels.swift in Sources */,
				A10000000000000000000001 /* ounje/ShareExtensionShared/SharedRecipeImportCore.swift in Sources */,
			);
			runOnlyForDeploymentPostprocessing = 0;
		};
		A50000000000000000000002 /* Sources */ = {
			isa = PBXSourcesBuildPhase;
			buildActionMask = 2147483647;
			files = (
				A10000000000000000000006 /* ounje/ShareExtensionShared/SharedImportModels.swift in Sources */,
				A10000000000000000000002 /* ounje/ShareExtensionShared/SharedRecipeImportCore.swift in Sources */,
				A10000000000000000000003 /* OunjeShareViewController.swift in Sources */,
			);
			runOnlyForDeploymentPostprocessing = 0;
		};
/* End PBXSourcesBuildPhase section */

/* Begin PBXTargetDependency section */
		A80000000000000000000001 /* PBXTargetDependency */ = {
			isa = PBXTargetDependency;
			target = A70000000000000000000001 /* OunjeShareExtension */;
			targetProxy = A30000000000000000000001 /* PBXContainerItemProxy */;
		};
/* End PBXTargetDependency section */

/* Begin XCBuildConfiguration section */
		13B07F941A680F5B00A75B9A /* Debug */ = {
			isa = XCBuildConfiguration;
			buildSettings = {
				ASSETCATALOG_COMPILER_APPICON_NAME = AppIcon;
				CLANG_ENABLE_MODULES = YES;
				CODE_SIGN_ENTITLEMENTS = ounje/ounje.entitlements;
				CODE_SIGN_STYLE = Automatic;
				CURRENT_PROJECT_VERSION = 1;
				ENABLE_PREVIEWS = YES;
				INFOPLIST_FILE = ounje/Info.plist;
				INFOPLIST_KEY_CFBundleDisplayName = Ounje;
				INFOPLIST_KEY_LSApplicationCategoryType = "public.app-category.food-and-drink";
				IPHONEOS_DEPLOYMENT_TARGET = 16.0;
				LD_RUNPATH_SEARCH_PATHS = (
					"$(inherited)",
					"@executable_path/Frameworks",
				);
				MARKETING_VERSION = 2.0.6;
				PRODUCT_BUNDLE_IDENTIFIER = net.ounje;
				PRODUCT_NAME = ounje;
				SWIFT_ACTIVE_COMPILATION_CONDITIONS = "DEBUG $(inherited)";
				SWIFT_OPTIMIZATION_LEVEL = "-Onone";
				SWIFT_VERSION = 5.0;
				TARGETED_DEVICE_FAMILY = "1,2";
				VERSIONING_SYSTEM = "apple-generic";
			};
			name = Debug;
		};
		13B07F951A680F5B00A75B9A /* Release */ = {
			isa = XCBuildConfiguration;
			buildSettings = {
				ASSETCATALOG_COMPILER_APPICON_NAME = AppIcon;
				CLANG_ENABLE_MODULES = YES;
				CODE_SIGN_ENTITLEMENTS = "ounje/ounje-release.entitlements";
				CODE_SIGN_STYLE = Automatic;
				CURRENT_PROJECT_VERSION = 1;
				ENABLE_PREVIEWS = YES;
				INFOPLIST_FILE = ounje/Info.plist;
				INFOPLIST_KEY_CFBundleDisplayName = Ounje;
				INFOPLIST_KEY_LSApplicationCategoryType = "public.app-category.food-and-drink";
				IPHONEOS_DEPLOYMENT_TARGET = 16.0;
				LD_RUNPATH_SEARCH_PATHS = (
					"$(inherited)",
					"@executable_path/Frameworks",
				);
				MARKETING_VERSION = 2.0.6;
				PRODUCT_BUNDLE_IDENTIFIER = net.ounje;
				PRODUCT_NAME = ounje;
				SWIFT_VERSION = 5.0;
				TARGETED_DEVICE_FAMILY = "1,2";
				VALIDATE_PRODUCT = YES;
				VERSIONING_SYSTEM = "apple-generic";
			};
			name = Release;
		};
		83CBBA201A601CBA00E9B192 /* Debug */ = {
			isa = XCBuildConfiguration;
			buildSettings = {
				ALWAYS_SEARCH_USER_PATHS = NO;
				CLANG_ANALYZER_LOCALIZABILITY_NONLOCALIZED = YES;
				CLANG_CXX_LANGUAGE_STANDARD = "gnu++20";
				CLANG_ENABLE_MODULES = YES;
				CLANG_ENABLE_OBJC_ARC = YES;
				CLANG_WARN_BLOCK_CAPTURE_AUTORELEASING = YES;
				CLANG_WARN_BOOL_CONVERSION = YES;
				CLANG_WARN_COMMA = YES;
				CLANG_WARN_CONSTANT_CONVERSION = YES;
				CLANG_WARN_DEPRECATED_OBJC_IMPLEMENTATIONS = YES;
				CLANG_WARN_DIRECT_OBJC_ISA_USAGE = YES_ERROR;
				CLANG_WARN_EMPTY_BODY = YES;
				CLANG_WARN_ENUM_CONVERSION = YES;
				CLANG_WARN_INFINITE_RECURSION = YES;
				CLANG_WARN_INT_CONVERSION = YES;
				CLANG_WARN_NON_LITERAL_NULL_CONVERSION = YES;
				CLANG_WARN_OBJC_IMPLICIT_RETAIN_SELF = YES;
				CLANG_WARN_OBJC_LITERAL_CONVERSION = YES;
				CLANG_WARN_OBJC_ROOT_CLASS = YES_ERROR;
				CLANG_WARN_QUOTED_INCLUDE_IN_FRAMEWORK_HEADER = YES;
				CLANG_WARN_RANGE_LOOP_ANALYSIS = YES;
				CLANG_WARN_STRICT_PROTOTYPES = YES;
				CLANG_WARN_SUSPICIOUS_MOVE = YES;
				CLANG_WARN_UNREACHABLE_CODE = YES;
				CLANG_WARN__DUPLICATE_METHOD_MATCH = YES;
				COPY_PHASE_STRIP = NO;
				DEVELOPMENT_TEAM = U8FPZXV6X6;
				ENABLE_STRICT_OBJC_MSGSEND = YES;
				ENABLE_TESTABILITY = YES;
				ENABLE_USER_SCRIPT_SANDBOXING = YES;
				GCC_C_LANGUAGE_STANDARD = gnu11;
				GCC_DYNAMIC_NO_PIC = NO;
				GCC_NO_COMMON_BLOCKS = YES;
				GCC_OPTIMIZATION_LEVEL = 0;
				GCC_PREPROCESSOR_DEFINITIONS = (
					"DEBUG=1",
					"$(inherited)",
				);
				GCC_WARN_64_TO_32_BIT_CONVERSION = YES;
				GCC_WARN_ABOUT_RETURN_TYPE = YES_ERROR;
				GCC_WARN_UNDECLARED_SELECTOR = YES;
				GCC_WARN_UNINITIALIZED_AUTOS = YES_AGGRESSIVE;
				GCC_WARN_UNUSED_FUNCTION = YES;
				GCC_WARN_UNUSED_VARIABLE = YES;
				IPHONEOS_DEPLOYMENT_TARGET = 16.0;
				LD_RUNPATH_SEARCH_PATHS = (
					/usr/lib/swift,
					"$(inherited)",
				);
				MTL_ENABLE_DEBUG_INFO = YES;
				ONLY_ACTIVE_ARCH = YES;
				SDKROOT = iphoneos;
				STRING_CATALOG_GENERATE_SYMBOLS = YES;
			};
			name = Debug;
		};
		83CBBA211A601CBA00E9B192 /* Release */ = {
			isa = XCBuildConfiguration;
			buildSettings = {
				ALWAYS_SEARCH_USER_PATHS = NO;
				CLANG_ANALYZER_LOCALIZABILITY_NONLOCALIZED = YES;
				CLANG_CXX_LANGUAGE_STANDARD = "gnu++20";
				CLANG_ENABLE_MODULES = YES;
				CLANG_ENABLE_OBJC_ARC = YES;
				CLANG_WARN_BLOCK_CAPTURE_AUTORELEASING = YES;
				CLANG_WARN_BOOL_CONVERSION = YES;
				CLANG_WARN_COMMA = YES;
				CLANG_WARN_CONSTANT_CONVERSION = YES;
				CLANG_WARN_DEPRECATED_OBJC_IMPLEMENTATIONS = YES;
				CLANG_WARN_DIRECT_OBJC_ISA_USAGE = YES_ERROR;
				CLANG_WARN_EMPTY_BODY = YES;
				CLANG_WARN_ENUM_CONVERSION = YES;
				CLANG_WARN_INFINITE_RECURSION = YES;
				CLANG_WARN_INT_CONVERSION = YES;
				CLANG_WARN_NON_LITERAL_NULL_CONVERSION = YES;
				CLANG_WARN_OBJC_IMPLICIT_RETAIN_SELF = YES;
				CLANG_WARN_OBJC_LITERAL_CONVERSION = YES;
				CLANG_WARN_OBJC_ROOT_CLASS = YES_ERROR;
				CLANG_WARN_QUOTED_INCLUDE_IN_FRAMEWORK_HEADER = YES;
				CLANG_WARN_RANGE_LOOP_ANALYSIS = YES;
				CLANG_WARN_STRICT_PROTOTYPES = YES;
				CLANG_WARN_SUSPICIOUS_MOVE = YES;
				CLANG_WARN_UNREACHABLE_CODE = YES;
				CLANG_WARN__DUPLICATE_METHOD_MATCH = YES;
				COPY_PHASE_STRIP = YES;
				DEVELOPMENT_TEAM = U8FPZXV6X6;
				ENABLE_NS_ASSERTIONS = NO;
				ENABLE_STRICT_OBJC_MSGSEND = YES;
				ENABLE_USER_SCRIPT_SANDBOXING = YES;
				GCC_C_LANGUAGE_STANDARD = gnu11;
				GCC_NO_COMMON_BLOCKS = YES;
				GCC_WARN_64_TO_32_BIT_CONVERSION = YES;
				GCC_WARN_ABOUT_RETURN_TYPE = YES_ERROR;
				GCC_WARN_UNDECLARED_SELECTOR = YES;
				GCC_WARN_UNINITIALIZED_AUTOS = YES_AGGRESSIVE;
				GCC_WARN_UNUSED_FUNCTION = YES;
				GCC_WARN_UNUSED_VARIABLE = YES;
				IPHONEOS_DEPLOYMENT_TARGET = 16.0;
				LD_RUNPATH_SEARCH_PATHS = (
					/usr/lib/swift,
					"$(inherited)",
				);
				MTL_ENABLE_DEBUG_INFO = NO;
				SDKROOT = iphoneos;
				STRING_CATALOG_GENERATE_SYMBOLS = YES;
				SWIFT_COMPILATION_MODE = wholemodule;
				VALIDATE_PRODUCT = YES;
			};
			name = Release;
		};
		A90000000000000000000001 /* Debug */ = {
			isa = XCBuildConfiguration;
			buildSettings = {
				APPLICATION_EXTENSION_API_ONLY = YES;
				CLANG_ENABLE_MODULES = YES;
				CODE_SIGN_ENTITLEMENTS = OunjeShareExtension/OunjeShareExtension.entitlements;
				CODE_SIGN_STYLE = Automatic;
				CURRENT_PROJECT_VERSION = 1;
				DEVELOPMENT_TEAM = U8FPZXV6X6;
				GENERATE_INFOPLIST_FILE = NO;
				INFOPLIST_FILE = OunjeShareExtension/Info.plist;
				IPHONEOS_DEPLOYMENT_TARGET = 16.0;
				LD_RUNPATH_SEARCH_PATHS = (
					"$(inherited)",
					"@executable_path/Frameworks",
					"@executable_path/../../Frameworks",
				);
				MARKETING_VERSION = 2.0.6;
				PRODUCT_BUNDLE_IDENTIFIER = net.ounje.ShareExtension;
				PRODUCT_NAME = OunjeShareExtension;
				SKIP_INSTALL = YES;
				SWIFT_ACTIVE_COMPILATION_CONDITIONS = "DEBUG $(inherited)";
				SWIFT_OPTIMIZATION_LEVEL = "-Onone";
				SWIFT_VERSION = 5.0;
				TARGETED_DEVICE_FAMILY = "1,2";
			};
			name = Debug;
		};
		A90000000000000000000002 /* Release */ = {
			isa = XCBuildConfiguration;
			buildSettings = {
				APPLICATION_EXTENSION_API_ONLY = YES;
				CLANG_ENABLE_MODULES = YES;
				CODE_SIGN_ENTITLEMENTS = OunjeShareExtension/OunjeShareExtension.entitlements;
				CODE_SIGN_STYLE = Automatic;
				CURRENT_PROJECT_VERSION = 1;
				DEVELOPMENT_TEAM = U8FPZXV6X6;
				GENERATE_INFOPLIST_FILE = NO;
				INFOPLIST_FILE = OunjeShareExtension/Info.plist;
				IPHONEOS_DEPLOYMENT_TARGET = 16.0;
				LD_RUNPATH_SEARCH_PATHS = (
					"$(inherited)",
					"@executable_path/Frameworks",
					"@executable_path/../../Frameworks",
				);
				MARKETING_VERSION = 2.0.6;
				PRODUCT_BUNDLE_IDENTIFIER = net.ounje.ShareExtension;
				PRODUCT_NAME = OunjeShareExtension;
				SKIP_INSTALL = YES;
				SWIFT_VERSION = 5.0;
				TARGETED_DEVICE_FAMILY = "1,2";
			};
			name = Release;
		};
/* End XCBuildConfiguration section */

/* Begin XCConfigurationList section */
		13B07F931A680F5B00A75B9A /* Build configuration list for PBXNativeTarget "ounje" */ = {
			isa = XCConfigurationList;
			buildConfigurations = (
				13B07F941A680F5B00A75B9A /* Debug */,
				13B07F951A680F5B00A75B9A /* Release */,
			);
			defaultConfigurationIsVisible = 0;
			defaultConfigurationName = Release;
		};
		83CBB9FA1A601CBA00E9B192 /* Build configuration list for PBXProject "ounje" */ = {
			isa = XCConfigurationList;
			buildConfigurations = (
				83CBBA201A601CBA00E9B192 /* Debug */,
				83CBBA211A601CBA00E9B192 /* Release */,
			);
			defaultConfigurationIsVisible = 0;
			defaultConfigurationName = Release;
		};
		A90000000000000000000003 /* Build configuration list for PBXNativeTarget "OunjeShareExtension" */ = {
			isa = XCConfigurationList;
			buildConfigurations = (
				A90000000000000000000001 /* Debug */,
				A90000000000000000000002 /* Release */,
			);
			defaultConfigurationIsVisible = 0;
			defaultConfigurationName = Release;
		};
/* End XCConfigurationList section */

/* Begin XCRemoteSwiftPackageReference section */
		F10000000000000000000016 /* XCRemoteSwiftPackageReference "dotlottie-ios" */ = {
			isa = XCRemoteSwiftPackageReference;
			repositoryURL = "https://github.com/LottieFiles/dotlottie-ios.git";
			requirement = {
				branch = main;
				kind = branch;
			};
		};
/* End XCRemoteSwiftPackageReference section */

/* Begin XCSwiftPackageProductDependency section */
		F10000000000000000000015 /* DotLottie */ = {
			isa = XCSwiftPackageProductDependency;
			package = F10000000000000000000016 /* XCRemoteSwiftPackageReference "dotlottie-ios" */;
			productName = DotLottie;
		};
/* End XCSwiftPackageProductDependency section */
	};
	rootObject = 83CBB9F71A601CBA00E9B192 /* Project object */;
}
